
Microsoft Visual Studio Solution File, Format Version 12.00
# Visual Studio Version 17
VisualStudioVersion = 17.6.33801.468
MinimumVisualStudioVersion = 10.0.40219.1
Project("{FAE04EC0-301F-11D3-BF4B-00C04F79EFBC}") = "ProductApi", "ProductApi\ProductApi.csproj", "{BDBABA2B-BC05-46A7-BB2E-00AABAB74E4F}"
EndProject
Global
	GlobalSection(SolutionConfigurationPlatforms) = preSolution
		Debug|Any CPU = Debug|Any CPU
		Release|Any CPU = Release|Any CPU
	EndGlobalSection
	GlobalSection(ProjectConfigurationPlatforms) = postSolution
		{BDBABA2B-BC05-46A7-BB2E-00AABAB74E4F}.Debug|Any CPU.ActiveCfg = Debug|Any CPU
		{BDBABA2B-BC05-46A7-BB2E-00AABAB74E4F}.Debug|Any CPU.Build.0 = Debug|Any CPU
		{BDBABA2B-BC05-46A7-BB2E-00AABAB74E4F}.Release|Any CPU.ActiveCfg = Release|Any CPU
		{BDBABA2B-BC05-46A7-BB2E-00AABAB74E4F}.Release|Any CPU.Build.0 = Release|Any CPU
	EndGlobalSection
	GlobalSection(SolutionProperties) = preSolution
		HideSolutionNode = FALSE
	EndGlobalSection
	GlobalSection(ExtensibilityGlobals) = postSolution
		SolutionGuid = {9C0CCF0A-B46F-42A1-8567-3B4BC7DFAA49}
	EndGlobalSection
EndGlobal
